// !$*UTF8*$!
{
	archiveVersion = 1;
	classes = {
	};
	objectVersion = 46;
	objects = {

/* Begin PBXBuildFile section */
		30E6D3C2AFED27ADC067EFF8 /* Pods_TwoWayRadio_Swift.framework in Frameworks */ = {isa = PBXBuildFile; fileRef = 7450E0FCB393BC4E6F193867 /* Pods_TwoWayRadio_Swift.framework */; };
		F552023A1CBF937000923C39 /* Info.plist in Resources */ = {isa = PBXBuildFile; fileRef = F55202391CBF937000923C39 /* Info.plist */; };
		F55FD4DE1CB90A74001E300C /* TwoWayRadio_SwiftUITests.swift in Sources */ = {isa = PBXBuildFile; fileRef = F55FD4DD1CB90A74001E300C /* TwoWayRadio_SwiftUITests.swift */; };
		F595C40E1CC0B59100D8485A /* libMobClickLibrary.a in Frameworks */ = {isa = PBXBuildFile; fileRef = F595C40B1CC0B59100D8485A /* libMobClickLibrary.a */; };
		F5A40A751CBF8645009A047D /* AppDelegate.swift in Sources */ = {isa = PBXBuildFile; fileRef = F5A40A361CBF8645009A047D /* AppDelegate.swift */; };
		F5A40A761CBF8645009A047D /* Assets.xcassets in Resources */ = {isa = PBXBuildFile; fileRef = F5A40A371CBF8645009A047D /* Assets.xcassets */; };
		F5A40A771CBF8645009A047D /* LaunchScreen.storyboard in Resources */ = {isa = PBXBuildFile; fileRef = F5A40A381CBF8645009A047D /* LaunchScreen.storyboard */; };
		F5A40A781CBF8645009A047D /* Main.storyboard in Resources */ = {isa = PBXBuildFile; fileRef = F5A40A3A1CBF8645009A047D /* Main.storyboard */; };
		F5A40A7A1CBF8645009A047D /* TWAboutHeaderView.swift in Sources */ = {isa = PBXBuildFile; fileRef = F5A40A3D1CBF8645009A047D /* TWAboutHeaderView.swift */; };
		F5A40A7B1CBF8645009A047D /* TWAboutHeaderView.xib in Resources */ = {isa = PBXBuildFile; fileRef = F5A40A3E1CBF8645009A047D /* TWAboutHeaderView.xib */; };
		F5A40A7C1CBF8645009A047D /* TWAboutViewController.swift in Sources */ = {isa = PBXBuildFile; fileRef = F5A40A3F1CBF8645009A047D /* TWAboutViewController.swift */; };
		F5A40A7D1CBF8645009A047D /* TWAccountModel.swift in Sources */ = {isa = PBXBuildFile; fileRef = F5A40A401CBF8645009A047D /* TWAccountModel.swift */; };
		F5A40A7E1CBF8645009A047D /* TWHomeViewController.swift in Sources */ = {isa = PBXBuildFile; fileRef = F5A40A411CBF8645009A047D /* TWHomeViewController.swift */; };
		F5A40A7F1CBF8645009A047D /* TWLoginViewController.swift in Sources */ = {isa = PBXBuildFile; fileRef = F5A40A421CBF8645009A047D /* TWLoginViewController.swift */; };
		F5A40A801CBF8645009A047D /* TWLoginViewController.xib in Resources */ = {isa = PBXBuildFile; fileRef = F5A40A431CBF8645009A047D /* TWLoginViewController.xib */; };
		F5A40A811CBF8645009A047D /* TWSettingModel.swift in Sources */ = {isa = PBXBuildFile; fileRef = F5A40A451CBF8645009A047D /* TWSettingModel.swift */; };
		F5A40A821CBF8645009A047D /* TWSettingViewController.swift in Sources */ = {isa = PBXBuildFile; fileRef = F5A40A461CBF8645009A047D /* TWSettingViewController.swift */; };
		F5A40A831CBF8645009A047D /* TWTabViewController.swift in Sources */ = {isa = PBXBuildFile; fileRef = F5A40A471CBF8645009A047D /* TWTabViewController.swift */; };
		F5A40A841CBF8645009A047D /* MBProgressHUD+NJ.m in Sources */ = {isa = PBXBuildFile; fileRef = F5A40A4B1CBF8645009A047D /* MBProgressHUD+NJ.m */; };
		F5A40A851CBF8645009A047D /* UIView+FrameAdjust.m in Sources */ = {isa = PBXBuildFile; fileRef = F5A40A4D1CBF8645009A047D /* UIView+FrameAdjust.m */; };
		F5A40A861CBF8645009A047D /* TWWebViewController.swift in Sources */ = {isa = PBXBuildFile; fileRef = F5A40A4E1CBF8645009A047D /* TWWebViewController.swift */; };
		F5A40A871CBF8645009A047D /* YSCommonController.m in Sources */ = {isa = PBXBuildFile; fileRef = F5A40A521CBF8645009A047D /* YSCommonController.m */; };
		F5A40A881CBF8645009A047D /* DZCommonChangeFrameItem.m in Sources */ = {isa = PBXBuildFile; fileRef = F5A40A551CBF8645009A047D /* DZCommonChangeFrameItem.m */; };
		F5A40A891CBF8645009A047D /* DZRightTextFieldItem.m in Sources */ = {isa = PBXBuildFile; fileRef = F5A40A571CBF8645009A047D /* DZRightTextFieldItem.m */; };
		F5A40A8A1CBF8645009A047D /* DZRightTitleItem.m in Sources */ = {isa = PBXBuildFile; fileRef = F5A40A591CBF8645009A047D /* DZRightTitleItem.m */; };
		F5A40A8B1CBF8645009A047D /* YSArrowItem.m in Sources */ = {isa = PBXBuildFile; fileRef = F5A40A5B1CBF8645009A047D /* YSArrowItem.m */; };
		F5A40A8C1CBF8645009A047D /* YSCellItem.m in Sources */ = {isa = PBXBuildFile; fileRef = F5A40A5D1CBF8645009A047D /* YSCellItem.m */; };
		F5A40A8D1CBF8645009A047D /* YSCheckItem.m in Sources */ = {isa = PBXBuildFile; fileRef = F5A40A5F1CBF8645009A047D /* YSCheckItem.m */; };
		F5A40A8E1CBF8645009A047D /* YSCommonItem.m in Sources */ = {isa = PBXBuildFile; fileRef = F5A40A611CBF8645009A047D /* YSCommonItem.m */; };
		F5A40A8F1CBF8645009A047D /* YSCustomItem.m in Sources */ = {isa = PBXBuildFile; fileRef = F5A40A631CBF8645009A047D /* YSCustomItem.m */; };
		F5A40A901CBF8645009A047D /* YSDatePickerItem.m in Sources */ = {isa = PBXBuildFile; fileRef = F5A40A651CBF8645009A047D /* YSDatePickerItem.m */; };
		F5A40A911CBF8645009A047D /* YSDoubleEditItem.m in Sources */ = {isa = PBXBuildFile; fileRef = F5A40A671CBF8645009A047D /* YSDoubleEditItem.m */; };
		F5A40A921CBF8645009A047D /* YSEditItem.m in Sources */ = {isa = PBXBuildFile; fileRef = F5A40A691CBF8645009A047D /* YSEditItem.m */; };
		F5A40A931CBF8645009A047D /* YSMoreItem.m in Sources */ = {isa = PBXBuildFile; fileRef = F5A40A6B1CBF8645009A047D /* YSMoreItem.m */; };
		F5A40A941CBF8645009A047D /* YSRemarkItem.m in Sources */ = {isa = PBXBuildFile; fileRef = F5A40A6D1CBF8645009A047D /* YSRemarkItem.m */; };
		F5A40A951CBF8645009A047D /* YSSwitchItem.m in Sources */ = {isa = PBXBuildFile; fileRef = F5A40A6F1CBF8645009A047D /* YSSwitchItem.m */; };
		F5A40A961CBF8645009A047D /* YSCommonCell.m in Sources */ = {isa = PBXBuildFile; fileRef = F5A40A721CBF8645009A047D /* YSCommonCell.m */; };
		F5A40A971CBF8645009A047D /* YSCommonGroup.m in Sources */ = {isa = PBXBuildFile; fileRef = F5A40A741CBF8645009A047D /* YSCommonGroup.m */; };
		F5A40A991CBF868A009A047D /* MBProgressHUD.bundle in Resources */ = {isa = PBXBuildFile; fileRef = F5A40A981CBF868A009A047D /* MBProgressHUD.bundle */; };
		F5A40A9D1CBF881B009A047D /* MBProgressHUD.m in Sources */ = {isa = PBXBuildFile; fileRef = F5A40A9C1CBF881B009A047D /* MBProgressHUD.m */; };
/* End PBXBuildFile section */

/* Begin PBXContainerItemProxy section */
		F55FD4CF1CB90A74001E300C /* PBXContainerItemProxy */ = {
			isa = PBXContainerItemProxy;
			containerPortal = F55FD4B21CB90A73001E300C /* Project object */;
			proxyType = 1;
			remoteGlobalIDString = F55FD4B91CB90A73001E300C;
			remoteInfo = TwoWayRadio_Swift;
		};
		F55FD4DA1CB90A74001E300C /* PBXContainerItemProxy */ = {
			isa = PBXContainerItemProxy;
			containerPortal = F55FD4B21CB90A73001E300C /* Project object */;
			proxyType = 1;
			remoteGlobalIDString = F55FD4B91CB90A73001E300C;
			remoteInfo = TwoWayRadio_Swift;
		};
/* End PBXContainerItemProxy section */

/* Begin PBXFileReference section */
		66F48326DA609D17EDE798DE /* Pods-TwoWayRadio_Swift.debug.xcconfig */ = {isa = PBXFileReference; includeInIndex = 1; lastKnownFileType = text.xcconfig; name = "Pods-TwoWayRadio_Swift.debug.xcconfig"; path = "Pods/Target Support Files/Pods-TwoWayRadio_Swift/Pods-TwoWayRadio_Swift.debug.xcconfig"; sourceTree = "<group>"; };
		6AC7002BD849F20AABA85311 /* Pods-TwoWayRadio_Swift.release.xcconfig */ = {isa = PBXFileReference; includeInIndex = 1; lastKnownFileType = text.xcconfig; name = "Pods-TwoWayRadio_Swift.release.xcconfig"; path = "Pods/Target Support Files/Pods-TwoWayRadio_Swift/Pods-TwoWayRadio_Swift.release.xcconfig"; sourceTree = "<group>"; };
		7450E0FCB393BC4E6F193867 /* Pods_TwoWayRadio_Swift.framework */ = {isa = PBXFileReference; explicitFileType = wrapper.framework; includeInIndex = 0; path = Pods_TwoWayRadio_Swift.framework; sourceTree = BUILT_PRODUCTS_DIR; };
		F55202391CBF937000923C39 /* Info.plist */ = {isa = PBXFileReference; fileEncoding = 4; lastKnownFileType = text.plist.xml; path = Info.plist; sourceTree = "<group>"; };
		F55FD4BA1CB90A73001E300C /* TwoWayRadio_Swift.app */ = {isa = PBXFileReference; explicitFileType = wrapper.application; includeInIndex = 0; path = TwoWayRadio_Swift.app; sourceTree = BUILT_PRODUCTS_DIR; };
		F55FD4CE1CB90A74001E300C /* TwoWayRadio_SwiftTests.xctest */ = {isa = PBXFileReference; explicitFileType = wrapper.cfbundle; includeInIndex = 0; path = TwoWayRadio_SwiftTests.xctest; sourceTree = BUILT_PRODUCTS_DIR; };
		F55FD4D91CB90A74001E300C /* TwoWayRadio_SwiftUITests.xctest */ = {isa = PBXFileReference; explicitFileType = wrapper.cfbundle; includeInIndex = 0; path = TwoWayRadio_SwiftUITests.xctest; sourceTree = BUILT_PRODUCTS_DIR; };
		F55FD4DD1CB90A74001E300C /* TwoWayRadio_SwiftUITests.swift */ = {isa = PBXFileReference; lastKnownFileType = sourcecode.swift; path = TwoWayRadio_SwiftUITests.swift; sourceTree = "<group>"; };
		F55FD4DF1CB90A74001E300C /* Info.plist */ = {isa = PBXFileReference; lastKnownFileType = text.plist.xml; path = Info.plist; sourceTree = "<group>"; };
		F595C40B1CC0B59100D8485A /* libMobClickLibrary.a */ = {isa = PBXFileReference; lastKnownFileType = archive.ar; path = libMobClickLibrary.a; sourceTree = "<group>"; };
		F595C40C1CC0B59100D8485A /* MobClick.h */ = {isa = PBXFileReference; fileEncoding = 4; lastKnownFileType = sourcecode.c.h; path = MobClick.h; sourceTree = "<group>"; };
		F595C40D1CC0B59100D8485A /* MobClickSocialAnalytics.h */ = {isa = PBXFileReference; fileEncoding = 4; lastKnownFileType = sourcecode.c.h; path = MobClickSocialAnalytics.h; sourceTree = "<group>"; };
		F5A40A361CBF8645009A047D /* AppDelegate.swift */ = {isa = PBXFileReference; fileEncoding = 4; lastKnownFileType = sourcecode.swift; path = AppDelegate.swift; sourceTree = "<group>"; };
		F5A40A371CBF8645009A047D /* Assets.xcassets */ = {isa = PBXFileReference; lastKnownFileType = folder.assetcatalog; path = Assets.xcassets; sourceTree = "<group>"; };
		F5A40A391CBF8645009A047D /* Base */ = {isa = PBXFileReference; lastKnownFileType = file.storyboard; name = Base; path = Base.lproj/LaunchScreen.storyboard; sourceTree = "<group>"; };
		F5A40A3B1CBF8645009A047D /* Base */ = {isa = PBXFileReference; lastKnownFileType = file.storyboard; name = Base; path = Base.lproj/Main.storyboard; sourceTree = "<group>"; };
		F5A40A3D1CBF8645009A047D /* TWAboutHeaderView.swift */ = {isa = PBXFileReference; fileEncoding = 4; lastKnownFileType = sourcecode.swift; path = TWAboutHeaderView.swift; sourceTree = "<group>"; };
		F5A40A3E1CBF8645009A047D /* TWAboutHeaderView.xib */ = {isa = PBXFileReference; fileEncoding = 4; lastKnownFileType = file.xib; path = TWAboutHeaderView.xib; sourceTree = "<group>"; };
		F5A40A3F1CBF8645009A047D /* TWAboutViewController.swift */ = {isa = PBXFileReference; fileEncoding = 4; lastKnownFileType = sourcecode.swift; path = TWAboutViewController.swift; sourceTree = "<group>"; };
		F5A40A401CBF8645009A047D /* TWAccountModel.swift */ = {isa = PBXFileReference; fileEncoding = 4; lastKnownFileType = sourcecode.swift; path = TWAccountModel.swift; sourceTree = "<group>"; };
		F5A40A411CBF8645009A047D /* TWHomeViewController.swift */ = {isa = PBXFileReference; fileEncoding = 4; lastKnownFileType = sourcecode.swift; path = TWHomeViewController.swift; sourceTree = "<group>"; };
		F5A40A421CBF8645009A047D /* TWLoginViewController.swift */ = {isa = PBXFileReference; fileEncoding = 4; lastKnownFileType = sourcecode.swift; path = TWLoginViewController.swift; sourceTree = "<group>"; };
		F5A40A431CBF8645009A047D /* TWLoginViewController.xib */ = {isa = PBXFileReference; fileEncoding = 4; lastKnownFileType = file.xib; path = TWLoginViewController.xib; sourceTree = "<group>"; };
		F5A40A441CBF8645009A047D /* TwoWayRadio_Swift-Bridging-Header.h */ = {isa = PBXFileReference; fileEncoding = 4; lastKnownFileType = sourcecode.c.h; path = "TwoWayRadio_Swift-Bridging-Header.h"; sourceTree = "<group>"; };
		F5A40A451CBF8645009A047D /* TWSettingModel.swift */ = {isa = PBXFileReference; fileEncoding = 4; lastKnownFileType = sourcecode.swift; path = TWSettingModel.swift; sourceTree = "<group>"; };
		F5A40A461CBF8645009A047D /* TWSettingViewController.swift */ = {isa = PBXFileReference; fileEncoding = 4; lastKnownFileType = sourcecode.swift; path = TWSettingViewController.swift; sourceTree = "<group>"; };
		F5A40A471CBF8645009A047D /* TWTabViewController.swift */ = {isa = PBXFileReference; fileEncoding = 4; lastKnownFileType = sourcecode.swift; path = TWTabViewController.swift; sourceTree = "<group>"; };
		F5A40A4A1CBF8645009A047D /* MBProgressHUD+NJ.h */ = {isa = PBXFileReference; fileEncoding = 4; lastKnownFileType = sourcecode.c.h; path = "MBProgressHUD+NJ.h"; sourceTree = "<group>"; };
		F5A40A4B1CBF8645009A047D /* MBProgressHUD+NJ.m */ = {isa = PBXFileReference; fileEncoding = 4; lastKnownFileType = sourcecode.c.objc; path = "MBProgressHUD+NJ.m"; sourceTree = "<group>"; };
		F5A40A4C1CBF8645009A047D /* UIView+FrameAdjust.h */ = {isa = PBXFileReference; fileEncoding = 4; lastKnownFileType = sourcecode.c.h; path = "UIView+FrameAdjust.h"; sourceTree = "<group>"; };
		F5A40A4D1CBF8645009A047D /* UIView+FrameAdjust.m */ = {isa = PBXFileReference; fileEncoding = 4; lastKnownFileType = sourcecode.c.objc; path = "UIView+FrameAdjust.m"; sourceTree = "<group>"; };
		F5A40A4E1CBF8645009A047D /* TWWebViewController.swift */ = {isa = PBXFileReference; fileEncoding = 4; lastKnownFileType = sourcecode.swift; path = TWWebViewController.swift; sourceTree = "<group>"; };
		F5A40A511CBF8645009A047D /* YSCommonController.h */ = {isa = PBXFileReference; fileEncoding = 4; lastKnownFileType = sourcecode.c.h; path = YSCommonController.h; sourceTree = "<group>"; };
		F5A40A521CBF8645009A047D /* YSCommonController.m */ = {isa = PBXFileReference; fileEncoding = 4; lastKnownFileType = sourcecode.c.objc; path = YSCommonController.m; sourceTree = "<group>"; };
		F5A40A541CBF8645009A047D /* DZCommonChangeFrameItem.h */ = {isa = PBXFileReference; fileEncoding = 4; lastKnownFileType = sourcecode.c.h; path = DZCommonChangeFrameItem.h; sourceTree = "<group>"; };
		F5A40A551CBF8645009A047D /* DZCommonChangeFrameItem.m */ = {isa = PBXFileReference; fileEncoding = 4; lastKnownFileType = sourcecode.c.objc; path = DZCommonChangeFrameItem.m; sourceTree = "<group>"; };
		F5A40A561CBF8645009A047D /* DZRightTextFieldItem.h */ = {isa = PBXFileReference; fileEncoding = 4; lastKnownFileType = sourcecode.c.h; path = DZRightTextFieldItem.h; sourceTree = "<group>"; };
		F5A40A571CBF8645009A047D /* DZRightTextFieldItem.m */ = {isa = PBXFileReference; fileEncoding = 4; lastKnownFileType = sourcecode.c.objc; path = DZRightTextFieldItem.m; sourceTree = "<group>"; };
		F5A40A581CBF8645009A047D /* DZRightTitleItem.h */ = {isa = PBXFileReference; fileEncoding = 4; lastKnownFileType = sourcecode.c.h; path = DZRightTitleItem.h; sourceTree = "<group>"; };
		F5A40A591CBF8645009A047D /* DZRightTitleItem.m */ = {isa = PBXFileReference; fileEncoding = 4; lastKnownFileType = sourcecode.c.objc; path = DZRightTitleItem.m; sourceTree = "<group>"; };
		F5A40A5A1CBF8645009A047D /* YSArrowItem.h */ = {isa = PBXFileReference; fileEncoding = 4; lastKnownFileType = sourcecode.c.h; path = YSArrowItem.h; sourceTree = "<group>"; };
		F5A40A5B1CBF8645009A047D /* YSArrowItem.m */ = {isa = PBXFileReference; fileEncoding = 4; lastKnownFileType = sourcecode.c.objc; path = YSArrowItem.m; sourceTree = "<group>"; };
		F5A40A5C1CBF8645009A047D /* YSCellItem.h */ = {isa = PBXFileReference; fileEncoding = 4; lastKnownFileType = sourcecode.c.h; path = YSCellItem.h; sourceTree = "<group>"; };
		F5A40A5D1CBF8645009A047D /* YSCellItem.m */ = {isa = PBXFileReference; fileEncoding = 4; lastKnownFileType = sourcecode.c.objc; path = YSCellItem.m; sourceTree = "<group>"; };
		F5A40A5E1CBF8645009A047D /* YSCheckItem.h */ = {isa = PBXFileReference; fileEncoding = 4; lastKnownFileType = sourcecode.c.h; path = YSCheckItem.h; sourceTree = "<group>"; };
		F5A40A5F1CBF8645009A047D /* YSCheckItem.m */ = {isa = PBXFileReference; fileEncoding = 4; lastKnownFileType = sourcecode.c.objc; path = YSCheckItem.m; sourceTree = "<group>"; };
		F5A40A601CBF8645009A047D /* YSCommonItem.h */ = {isa = PBXFileReference; fileEncoding = 4; lastKnownFileType = sourcecode.c.h; path = YSCommonItem.h; sourceTree = "<group>"; };
		F5A40A611CBF8645009A047D /* YSCommonItem.m */ = {isa = PBXFileReference; fileEncoding = 4; lastKnownFileType = sourcecode.c.objc; path = YSCommonItem.m; sourceTree = "<group>"; };
		F5A40A621CBF8645009A047D /* YSCustomItem.h */ = {isa = PBXFileReference; fileEncoding = 4; lastKnownFileType = sourcecode.c.h; path = YSCustomItem.h; sourceTree = "<group>"; };
		F5A40A631CBF8645009A047D /* YSCustomItem.m */ = {isa = PBXFileReference; fileEncoding = 4; lastKnownFileType = sourcecode.c.objc; path = YSCustomItem.m; sourceTree = "<group>"; };
		F5A40A641CBF8645009A047D /* YSDatePickerItem.h */ = {isa = PBXFileReference; fileEncoding = 4; lastKnownFileType = sourcecode.c.h; path = YSDatePickerItem.h; sourceTree = "<group>"; };
		F5A40A651CBF8645009A047D /* YSDatePickerItem.m */ = {isa = PBXFileReference; fileEncoding = 4; lastKnownFileType = sourcecode.c.objc; path = YSDatePickerItem.m; sourceTree = "<group>"; };
		F5A40A661CBF8645009A047D /* YSDoubleEditItem.h */ = {isa = PBXFileReference; fileEncoding = 4; lastKnownFileType = sourcecode.c.h; path = YSDoubleEditItem.h; sourceTree = "<group>"; };
		F5A40A671CBF8645009A047D /* YSDoubleEditItem.m */ = {isa = PBXFileReference; fileEncoding = 4; lastKnownFileType = sourcecode.c.objc; path = YSDoubleEditItem.m; sourceTree = "<group>"; };
		F5A40A681CBF8645009A047D /* YSEditItem.h */ = {isa = PBXFileReference; fileEncoding = 4; lastKnownFileType = sourcecode.c.h; path = YSEditItem.h; sourceTree = "<group>"; };
		F5A40A691CBF8645009A047D /* YSEditItem.m */ = {isa = PBXFileReference; fileEncoding = 4; lastKnownFileType = sourcecode.c.objc; path = YSEditItem.m; sourceTree = "<group>"; };
		F5A40A6A1CBF8645009A047D /* YSMoreItem.h */ = {isa = PBXFileReference; fileEncoding = 4; lastKnownFileType = sourcecode.c.h; path = YSMoreItem.h; sourceTree = "<group>"; };
		F5A40A6B1CBF8645009A047D /* YSMoreItem.m */ = {isa = PBXFileReference; fileEncoding = 4; lastKnownFileType = sourcecode.c.objc; path = YSMoreItem.m; sourceTree = "<group>"; };
		F5A40A6C1CBF8645009A047D /* YSRemarkItem.h */ = {isa = PBXFileReference; fileEncoding = 4; lastKnownFileType = sourcecode.c.h; path = YSRemarkItem.h; sourceTree = "<group>"; };
		F5A40A6D1CBF8645009A047D /* YSRemarkItem.m */ = {isa = PBXFileReference; fileEncoding = 4; lastKnownFileType = sourcecode.c.objc; path = YSRemarkItem.m; sourceTree = "<group>"; };
		F5A40A6E1CBF8645009A047D /* YSSwitchItem.h */ = {isa = PBXFileReference; fileEncoding = 4; lastKnownFileType = sourcecode.c.h; path = YSSwitchItem.h; sourceTree = "<group>"; };
		F5A40A6F1CBF8645009A047D /* YSSwitchItem.m */ = {isa = PBXFileReference; fileEncoding = 4; lastKnownFileType = sourcecode.c.objc; path = YSSwitchItem.m; sourceTree = "<group>"; };
		F5A40A711CBF8645009A047D /* YSCommonCell.h */ = {isa = PBXFileReference; fileEncoding = 4; lastKnownFileType = sourcecode.c.h; path = YSCommonCell.h; sourceTree = "<group>"; };
		F5A40A721CBF8645009A047D /* YSCommonCell.m */ = {isa = PBXFileReference; fileEncoding = 4; lastKnownFileType = sourcecode.c.objc; path = YSCommonCell.m; sourceTree = "<group>"; };
		F5A40A731CBF8645009A047D /* YSCommonGroup.h */ = {isa = PBXFileReference; fileEncoding = 4; lastKnownFileType = sourcecode.c.h; path = YSCommonGroup.h; sourceTree = "<group>"; };
		F5A40A741CBF8645009A047D /* YSCommonGroup.m */ = {isa = PBXFileReference; fileEncoding = 4; lastKnownFileType = sourcecode.c.objc; path = YSCommonGroup.m; sourceTree = "<group>"; };
		F5A40A981CBF868A009A047D /* MBProgressHUD.bundle */ = {isa = PBXFileReference; lastKnownFileType = "wrapper.plug-in"; path = MBProgressHUD.bundle; sourceTree = "<group>"; };
		F5A40A9B1CBF881B009A047D /* MBProgressHUD.h */ = {isa = PBXFileReference; fileEncoding = 4; lastKnownFileType = sourcecode.c.h; path = MBProgressHUD.h; sourceTree = "<group>"; };
		F5A40A9C1CBF881B009A047D /* MBProgressHUD.m */ = {isa = PBXFileReference; fileEncoding = 4; lastKnownFileType = sourcecode.c.objc; path = MBProgressHUD.m; sourceTree = "<group>"; };
/* End PBXFileReference section */

/* Begin PBXFrameworksBuildPhase section */
		F55FD4B71CB90A73001E300C /* Frameworks */ = {
			isa = PBXFrameworksBuildPhase;
			buildActionMask = 2147483647;
			files = (
				30E6D3C2AFED27ADC067EFF8 /* Pods_TwoWayRadio_Swift.framework in Frameworks */,
				F595C40E1CC0B59100D8485A /* libMobClickLibrary.a in Frameworks */,
			);
			runOnlyForDeploymentPostprocessing = 0;
		};
		F55FD4CB1CB90A74001E300C /* Frameworks */ = {
			isa = PBXFrameworksBuildPhase;
			buildActionMask = 2147483647;
			files = (
			);
			runOnlyForDeploymentPostprocessing = 0;
		};
		F55FD4D61CB90A74001E300C /* Frameworks */ = {
			isa = PBXFrameworksBuildPhase;
			buildActionMask = 2147483647;
			files = (
			);
			runOnlyForDeploymentPostprocessing = 0;
		};
/* End PBXFrameworksBuildPhase section */

/* Begin PBXGroup section */
		2F4F6819CB5EEA47CF7D2AF6 /* Pods */ = {
			isa = PBXGroup;
			children = (
				66F48326DA609D17EDE798DE /* Pods-TwoWayRadio_Swift.debug.xcconfig */,
				6AC7002BD849F20AABA85311 /* Pods-TwoWayRadio_Swift.release.xcconfig */,
			);
			name = Pods;
			sourceTree = "<group>";
		};
		C70217902935B43C370D3741 /* Frameworks */ = {
			isa = PBXGroup;
			children = (
				7450E0FCB393BC4E6F193867 /* Pods_TwoWayRadio_Swift.framework */,
			);
			name = Frameworks;
			sourceTree = "<group>";
		};
		F55FD4B11CB90A73001E300C = {
			isa = PBXGroup;
			children = (
				F5A40A351CBF8645009A047D /* TwoWayRadio_Swift */,
				F55FD4DC1CB90A74001E300C /* TwoWayRadio_SwiftUITests */,
				F55FD4BB1CB90A73001E300C /* Products */,
				2F4F6819CB5EEA47CF7D2AF6 /* Pods */,
				C70217902935B43C370D3741 /* Frameworks */,
			);
			sourceTree = "<group>";
		};
		F55FD4BB1CB90A73001E300C /* Products */ = {
			isa = PBXGroup;
			children = (
				F55FD4BA1CB90A73001E300C /* TwoWayRadio_Swift.app */,
				F55FD4CE1CB90A74001E300C /* TwoWayRadio_SwiftTests.xctest */,
				F55FD4D91CB90A74001E300C /* TwoWayRadio_SwiftUITests.xctest */,
			);
			name = Products;
			sourceTree = "<group>";
		};
		F55FD4DC1CB90A74001E300C /* TwoWayRadio_SwiftUITests */ = {
			isa = PBXGroup;
			children = (
				F55FD4DD1CB90A74001E300C /* TwoWayRadio_SwiftUITests.swift */,
				F55FD4DF1CB90A74001E300C /* Info.plist */,
			);
			path = TwoWayRadio_SwiftUITests;
			sourceTree = "<group>";
		};
		F5A40A351CBF8645009A047D /* TwoWayRadio_Swift */ = {
			isa = PBXGroup;
			children = (
				F55202391CBF937000923C39 /* Info.plist */,
				F5A40A361CBF8645009A047D /* AppDelegate.swift */,
				F5A40A371CBF8645009A047D /* Assets.xcassets */,
				F5A40A381CBF8645009A047D /* LaunchScreen.storyboard */,
				F5A40A3A1CBF8645009A047D /* Main.storyboard */,
				F5A40A3D1CBF8645009A047D /* TWAboutHeaderView.swift */,
				F5A40A3E1CBF8645009A047D /* TWAboutHeaderView.xib */,
				F5A40A3F1CBF8645009A047D /* TWAboutViewController.swift */,
				F5A40A401CBF8645009A047D /* TWAccountModel.swift */,
				F5A40A411CBF8645009A047D /* TWHomeViewController.swift */,
				F5A40A421CBF8645009A047D /* TWLoginViewController.swift */,
				F5A40A431CBF8645009A047D /* TWLoginViewController.xib */,
				F5A40A441CBF8645009A047D /* TwoWayRadio_Swift-Bridging-Header.h */,
				F5A40A451CBF8645009A047D /* TWSettingModel.swift */,
				F5A40A461CBF8645009A047D /* TWSettingViewController.swift */,
				F5A40A471CBF8645009A047D /* TWTabViewController.swift */,
				F5A40A481CBF8645009A047D /* TWTool */,
				F5A40A4E1CBF8645009A047D /* TWWebViewController.swift */,
				F5A40A4F1CBF8645009A047D /* YSCommon */,
			);
			path = TwoWayRadio_Swift;
			sourceTree = "<group>";
		};
		F5A40A481CBF8645009A047D /* TWTool */ = {
			isa = PBXGroup;
			children = (
				F5A40A9A1CBF881B009A047D /* Library */,
				F5A40A491CBF8645009A047D /* Category */,
			);
			path = TWTool;
			sourceTree = "<group>";
		};
		F5A40A491CBF8645009A047D /* Category */ = {
			isa = PBXGroup;
			children = (
				F5A40A981CBF868A009A047D /* MBProgressHUD.bundle */,
				F5A40A4A1CBF8645009A047D /* MBProgressHUD+NJ.h */,
				F5A40A4B1CBF8645009A047D /* MBProgressHUD+NJ.m */,
				F5A40A4C1CBF8645009A047D /* UIView+FrameAdjust.h */,
				F5A40A4D1CBF8645009A047D /* UIView+FrameAdjust.m */,
			);
			path = Category;
			sourceTree = "<group>";
		};
		F5A40A4F1CBF8645009A047D /* YSCommon */ = {
			isa = PBXGroup;
			children = (
				F5A40A501CBF8645009A047D /* Controller */,
				F5A40A531CBF8645009A047D /* Model */,
				F5A40A701CBF8645009A047D /* View */,
				F5A40A731CBF8645009A047D /* YSCommonGroup.h */,
				F5A40A741CBF8645009A047D /* YSCommonGroup.m */,
			);
			path = YSCommon;
			sourceTree = "<group>";
		};
		F5A40A501CBF8645009A047D /* Controller */ = {
			isa = PBXGroup;
			children = (
				F5A40A511CBF8645009A047D /* YSCommonController.h */,
				F5A40A521CBF8645009A047D /* YSCommonController.m */,
			);
			path = Controller;
			sourceTree = "<group>";
		};
		F5A40A531CBF8645009A047D /* Model */ = {
			isa = PBXGroup;
			children = (
				F5A40A541CBF8645009A047D /* DZCommonChangeFrameItem.h */,
				F5A40A551CBF8645009A047D /* DZCommonChangeFrameItem.m */,
				F5A40A561CBF8645009A047D /* DZRightTextFieldItem.h */,
				F5A40A571CBF8645009A047D /* DZRightTextFieldItem.m */,
				F5A40A581CBF8645009A047D /* DZRightTitleItem.h */,
				F5A40A591CBF8645009A047D /* DZRightTitleItem.m */,
				F5A40A5A1CBF8645009A047D /* YSArrowItem.h */,
				F5A40A5B1CBF8645009A047D /* YSArrowItem.m */,
				F5A40A5C1CBF8645009A047D /* YSCellItem.h */,
				F5A40A5D1CBF8645009A047D /* YSCellItem.m */,
				F5A40A5E1CBF8645009A047D /* YSCheckItem.h */,
				F5A40A5F1CBF8645009A047D /* YSCheckItem.m */,
				F5A40A601CBF8645009A047D /* YSCommonItem.h */,
				F5A40A611CBF8645009A047D /* YSCommonItem.m */,
				F5A40A621CBF8645009A047D /* YSCustomItem.h */,
				F5A40A631CBF8645009A047D /* YSCustomItem.m */,
				F5A40A641CBF8645009A047D /* YSDatePickerItem.h */,
				F5A40A651CBF8645009A047D /* YSDatePickerItem.m */,
				F5A40A661CBF8645009A047D /* YSDoubleEditItem.h */,
				F5A40A671CBF8645009A047D /* YSDoubleEditItem.m */,
				F5A40A681CBF8645009A047D /* YSEditItem.h */,
				F5A40A691CBF8645009A047D /* YSEditItem.m */,
				F5A40A6A1CBF8645009A047D /* YSMoreItem.h */,
				F5A40A6B1CBF8645009A047D /* YSMoreItem.m */,
				F5A40A6C1CBF8645009A047D /* YSRemarkItem.h */,
				F5A40A6D1CBF8645009A047D /* YSRemarkItem.m */,
				F5A40A6E1CBF8645009A047D /* YSSwitchItem.h */,
				F5A40A6F1CBF8645009A047D /* YSSwitchItem.m */,
			);
			path = Model;
			sourceTree = "<group>";
		};
		F5A40A701CBF8645009A047D /* View */ = {
			isa = PBXGroup;
			children = (
				F5A40A711CBF8645009A047D /* YSCommonCell.h */,
				F5A40A721CBF8645009A047D /* YSCommonCell.m */,
			);
			path = View;
			sourceTree = "<group>";
		};
		F5A40A9A1CBF881B009A047D /* Library */ = {
			isa = PBXGroup;
			children = (
				F595C40B1CC0B59100D8485A /* libMobClickLibrary.a */,
				F595C40C1CC0B59100D8485A /* MobClick.h */,
				F595C40D1CC0B59100D8485A /* MobClickSocialAnalytics.h */,
				F5A40A9B1CBF881B009A047D /* MBProgressHUD.h */,
				F5A40A9C1CBF881B009A047D /* MBProgressHUD.m */,
			);
			path = Library;
			sourceTree = "<group>";
		};
/* End PBXGroup section */

/* Begin PBXNativeTarget section */
		F55FD4B91CB90A73001E300C /* TwoWayRadio_Swift */ = {
			isa = PBXNativeTarget;
			buildConfigurationList = F55FD4E21CB90A74001E300C /* Build configuration list for PBXNativeTarget "TwoWayRadio_Swift" */;
			buildPhases = (
				A1BA8CD4EEE9E72D43E136A3 /* Check Pods Manifest.lock */,
				F55FD4B61CB90A73001E300C /* Sources */,
				F55FD4B71CB90A73001E300C /* Frameworks */,
				F55FD4B81CB90A73001E300C /* Resources */,
				F79E1A2E963313D76AC87120 /* Embed Pods Frameworks */,
				15EF59B6C98B9611574573E4 /* Copy Pods Resources */,
			);
			buildRules = (
			);
			dependencies = (
			);
			name = TwoWayRadio_Swift;
			productName = TwoWayRadio_Swift;
			productReference = F55FD4BA1CB90A73001E300C /* TwoWayRadio_Swift.app */;
			productType = "com.apple.product-type.application";
		};
		F55FD4CD1CB90A74001E300C /* TwoWayRadio_SwiftTests */ = {
			isa = PBXNativeTarget;
			buildConfigurationList = F55FD4E51CB90A74001E300C /* Build configuration list for PBXNativeTarget "TwoWayRadio_SwiftTests" */;
			buildPhases = (
				F55FD4CA1CB90A74001E300C /* Sources */,
				F55FD4CB1CB90A74001E300C /* Frameworks */,
				F55FD4CC1CB90A74001E300C /* Resources */,
			);
			buildRules = (
			);
			dependencies = (
				F55FD4D01CB90A74001E300C /* PBXTargetDependency */,
			);
			name = TwoWayRadio_SwiftTests;
			productName = TwoWayRadio_SwiftTests;
			productReference = F55FD4CE1CB90A74001E300C /* TwoWayRadio_SwiftTests.xctest */;
			productType = "com.apple.product-type.bundle.unit-test";
		};
		F55FD4D81CB90A74001E300C /* TwoWayRadio_SwiftUITests */ = {
			isa = PBXNativeTarget;
			buildConfigurationList = F55FD4E81CB90A74001E300C /* Build configuration list for PBXNativeTarget "TwoWayRadio_SwiftUITests" */;
			buildPhases = (
				F55FD4D51CB90A74001E300C /* Sources */,
				F55FD4D61CB90A74001E300C /* Frameworks */,
				F55FD4D71CB90A74001E300C /* Resources */,
			);
			buildRules = (
			);
			dependencies = (
				F55FD4DB1CB90A74001E300C /* PBXTargetDependency */,
			);
			name = TwoWayRadio_SwiftUITests;
			productName = TwoWayRadio_SwiftUITests;
			productReference = F55FD4D91CB90A74001E300C /* TwoWayRadio_SwiftUITests.xctest */;
			productType = "com.apple.product-type.bundle.ui-testing";
		};
/* End PBXNativeTarget section */

/* Begin PBXProject section */
		F55FD4B21CB90A73001E300C /* Project object */ = {
			isa = PBXProject;
			attributes = {
				LastSwiftUpdateCheck = 0730;
				LastUpgradeCheck = 0730;
				ORGANIZATIONNAME = sd;
				TargetAttributes = {
					F55FD4B91CB90A73001E300C = {
						CreatedOnToolsVersion = 7.3;
						DevelopmentTeam = B8W3ATQ42R;
					};
					F55FD4CD1CB90A74001E300C = {
						CreatedOnToolsVersion = 7.3;
						TestTargetID = F55FD4B91CB90A73001E300C;
					};
					F55FD4D81CB90A74001E300C = {
						CreatedOnToolsVersion = 7.3;
						TestTargetID = F55FD4B91CB90A73001E300C;
					};
				};
			};
			buildConfigurationList = F55FD4B51CB90A73001E300C /* Build configuration list for PBXProject "TwoWayRadio_Swift" */;
			compatibilityVersion = "Xcode 3.2";
			developmentRegion = English;
			hasScannedForEncodings = 0;
			knownRegions = (
				en,
				Base,
			);
			mainGroup = F55FD4B11CB90A73001E300C;
			productRefGroup = F55FD4BB1CB90A73001E300C /* Products */;
			projectDirPath = "";
			projectRoot = "";
			targets = (
				F55FD4B91CB90A73001E300C /* TwoWayRadio_Swift */,
				F55FD4CD1CB90A74001E300C /* TwoWayRadio_SwiftTests */,
				F55FD4D81CB90A74001E300C /* TwoWayRadio_SwiftUITests */,
			);
		};
/* End PBXProject section */

/* Begin PBXResourcesBuildPhase section */
		F55FD4B81CB90A73001E300C /* Resources */ = {
			isa = PBXResourcesBuildPhase;
			buildActionMask = 2147483647;
			files = (
				F5A40A801CBF8645009A047D /* TWLoginViewController.xib in Resources */,
				F5A40A781CBF8645009A047D /* Main.storyboard in Resources */,
				F5A40A7B1CBF8645009A047D /* TWAboutHeaderView.xib in Resources */,
				F5A40A761CBF8645009A047D /* Assets.xcassets in Resources */,
				F5A40A771CBF8645009A047D /* LaunchScreen.storyboard in Resources */,
				F5A40A991CBF868A009A047D /* MBProgressHUD.bundle in Resources */,
				F552023A1CBF937000923C39 /* Info.plist in Resources */,
			);
			runOnlyForDeploymentPostprocessing = 0;
		};
		F55FD4CC1CB90A74001E300C /* Resources */ = {
			isa = PBXResourcesBuildPhase;
			buildActionMask = 2147483647;
			files = (
			);
			runOnlyForDeploymentPostprocessing = 0;
		};
		F55FD4D71CB90A74001E300C /* Resources */ = {
			isa = PBXResourcesBuildPhase;
			buildActionMask = 2147483647;
			files = (
			);
			runOnlyForDeploymentPostprocessing = 0;
		};
/* End PBXResourcesBuildPhase section */

/* Begin PBXShellScriptBuildPhase section */
		15EF59B6C98B9611574573E4 /* Copy Pods Resources */ = {
			isa = PBXShellScriptBuildPhase;
			buildActionMask = 2147483647;
			files = (
			);
			inputPaths = (
			);
			name = "Copy Pods Resources";
			outputPaths = (
			);
			runOnlyForDeploymentPostprocessing = 0;
			shellPath = /bin/sh;
			shellScript = "\"${SRCROOT}/Pods/Target Support Files/Pods-TwoWayRadio_Swift/Pods-TwoWayRadio_Swift-resources.sh\"\n";
			showEnvVarsInLog = 0;
		};
		A1BA8CD4EEE9E72D43E136A3 /* Check Pods Manifest.lock */ = {
			isa = PBXShellScriptBuildPhase;
			buildActionMask = 2147483647;
			files = (
			);
			inputPaths = (
			);
			name = "Check Pods Manifest.lock";
			outputPaths = (
			);
			runOnlyForDeploymentPostprocessing = 0;
			shellPath = /bin/sh;
			shellScript = "diff \"${PODS_ROOT}/../Podfile.lock\" \"${PODS_ROOT}/Manifest.lock\" > /dev/null\nif [[ $? != 0 ]] ; then\n    cat << EOM\nerror: The sandbox is not in sync with the Podfile.lock. Run 'pod install' or update your CocoaPods installation.\nEOM\n    exit 1\nfi\n";
			showEnvVarsInLog = 0;
		};
		F79E1A2E963313D76AC87120 /* Embed Pods Frameworks */ = {
			isa = PBXShellScriptBuildPhase;
			buildActionMask = 2147483647;
			files = (
			);
			inputPaths = (
			);
			name = "Embed Pods Frameworks";
			outputPaths = (
			);
			runOnlyForDeploymentPostprocessing = 0;
			shellPath = /bin/sh;
			shellScript = "\"${SRCROOT}/Pods/Target Support Files/Pods-TwoWayRadio_Swift/Pods-TwoWayRadio_Swift-frameworks.sh\"\n";
			showEnvVarsInLog = 0;
		};
/* End PBXShellScriptBuildPhase section */

/* Begin PBXSourcesBuildPhase section */
		F55FD4B61CB90A73001E300C /* Sources */ = {
			isa = PBXSourcesBuildPhase;
			buildActionMask = 2147483647;
			files = (
				F5A40A921CBF8645009A047D /* YSEditItem.m in Sources */,
				F5A40A901CBF8645009A047D /* YSDatePickerItem.m in Sources */,
				F5A40A861CBF8645009A047D /* TWWebViewController.swift in Sources */,
				F5A40A8E1CBF8645009A047D /* YSCommonItem.m in Sources */,
				F5A40A891CBF8645009A047D /* DZRightTextFieldItem.m in Sources */,
				F5A40A821CBF8645009A047D /* TWSettingViewController.swift in Sources */,
				F5A40A841CBF8645009A047D /* MBProgressHUD+NJ.m in Sources */,
				F5A40A9D1CBF881B009A047D /* MBProgressHUD.m in Sources */,
				F5A40A811CBF8645009A047D /* TWSettingModel.swift in Sources */,
				F5A40A8F1CBF8645009A047D /* YSCustomItem.m in Sources */,
				F5A40A7D1CBF8645009A047D /* TWAccountModel.swift in Sources */,
				F5A40A961CBF8645009A047D /* YSCommonCell.m in Sources */,
				F5A40A8B1CBF8645009A047D /* YSArrowItem.m in Sources */,
				F5A40A7C1CBF8645009A047D /* TWAboutViewController.swift in Sources */,
				F5A40A831CBF8645009A047D /* TWTabViewController.swift in Sources */,
				F5A40A881CBF8645009A047D /* DZCommonChangeFrameItem.m in Sources */,
				F5A40A7A1CBF8645009A047D /* TWAboutHeaderView.swift in Sources */,
				F5A40A911CBF8645009A047D /* YSDoubleEditItem.m in Sources */,
				F5A40A8A1CBF8645009A047D /* DZRightTitleItem.m in Sources */,
				F5A40A871CBF8645009A047D /* YSCommonController.m in Sources */,
				F5A40A7F1CBF8645009A047D /* TWLoginViewController.swift in Sources */,
				F5A40A8C1CBF8645009A047D /* YSCellItem.m in Sources */,
				F5A40A851CBF8645009A047D /* UIView+FrameAdjust.m in Sources */,
				F5A40A931CBF8645009A047D /* YSMoreItem.m in Sources */,
				F5A40A8D1CBF8645009A047D /* YSCheckItem.m in Sources */,
				F5A40A951CBF8645009A047D /* YSSwitchItem.m in Sources */,
				F5A40A7E1CBF8645009A047D /* TWHomeViewController.swift in Sources */,
				F5A40A971CBF8645009A047D /* YSCommonGroup.m in Sources */,
				F5A40A941CBF8645009A047D /* YSRemarkItem.m in Sources */,
				F5A40A751CBF8645009A047D /* AppDelegate.swift in Sources */,
			);
			runOnlyForDeploymentPostprocessing = 0;
		};
		F55FD4CA1CB90A74001E300C /* Sources */ = {
			isa = PBXSourcesBuildPhase;
			buildActionMask = 2147483647;
			files = (
			);
			runOnlyForDeploymentPostprocessing = 0;
		};
		F55FD4D51CB90A74001E300C /* Sources */ = {
			isa = PBXSourcesBuildPhase;
			buildActionMask = 2147483647;
			files = (
				F55FD4DE1CB90A74001E300C /* TwoWayRadio_SwiftUITests.swift in Sources */,
			);
			runOnlyForDeploymentPostprocessing = 0;
		};
/* End PBXSourcesBuildPhase section */

/* Begin PBXTargetDependency section */
		F55FD4D01CB90A74001E300C /* PBXTargetDependency */ = {
			isa = PBXTargetDependency;
			target = F55FD4B91CB90A73001E300C /* TwoWayRadio_Swift */;
			targetProxy = F55FD4CF1CB90A74001E300C /* PBXContainerItemProxy */;
		};
		F55FD4DB1CB90A74001E300C /* PBXTargetDependency */ = {
			isa = PBXTargetDependency;
			target = F55FD4B91CB90A73001E300C /* TwoWayRadio_Swift */;
			targetProxy = F55FD4DA1CB90A74001E300C /* PBXContainerItemProxy */;
		};
/* End PBXTargetDependency section */

/* Begin PBXVariantGroup section */
		F5A40A381CBF8645009A047D /* LaunchScreen.storyboard */ = {
			isa = PBXVariantGroup;
			children = (
				F5A40A391CBF8645009A047D /* Base */,
			);
			name = LaunchScreen.storyboard;
			sourceTree = "<group>";
		};
		F5A40A3A1CBF8645009A047D /* Main.storyboard */ = {
			isa = PBXVariantGroup;
			children = (
				F5A40A3B1CBF8645009A047D /* Base */,
			);
			name = Main.storyboard;
			sourceTree = "<group>";
		};
/* End PBXVariantGroup section */

/* Begin XCBuildConfiguration section */
		F55FD4E01CB90A74001E300C /* Debug */ = {
			isa = XCBuildConfiguration;
			buildSettings = {
				ALWAYS_SEARCH_USER_PATHS = NO;
				CLANG_ANALYZER_NONNULL = YES;
				CLANG_CXX_LANGUAGE_STANDARD = "gnu++0x";
				CLANG_CXX_LIBRARY = "libc++";
				CLANG_ENABLE_MODULES = YES;
				CLANG_ENABLE_OBJC_ARC = YES;
				CLANG_WARN_BOOL_CONVERSION = YES;
				CLANG_WARN_CONSTANT_CONVERSION = YES;
				CLANG_WARN_DIRECT_OBJC_ISA_USAGE = YES_ERROR;
				CLANG_WARN_EMPTY_BODY = YES;
				CLANG_WARN_ENUM_CONVERSION = YES;
				CLANG_WARN_INT_CONVERSION = YES;
				CLANG_WARN_OBJC_ROOT_CLASS = YES_ERROR;
				CLANG_WARN_UNREACHABLE_CODE = YES;
				CLANG_WARN__DUPLICATE_METHOD_MATCH = YES;
				"CODE_SIGN_IDENTITY[sdk=iphoneos*]" = "iPhone Developer";
				COPY_PHASE_STRIP = NO;
				DEBUG_INFORMATION_FORMAT = dwarf;
				ENABLE_STRICT_OBJC_MSGSEND = YES;
				ENABLE_TESTABILITY = YES;
				GCC_C_LANGUAGE_STANDARD = gnu99;
				GCC_DYNAMIC_NO_PIC = NO;
				GCC_NO_COMMON_BLOCKS = YES;
				GCC_OPTIMIZATION_LEVEL = 0;
				GCC_PREPROCESSOR_DEFINITIONS = (
					"DEBUG=1",
					"$(inherited)",
				);
				GCC_WARN_64_TO_32_BIT_CONVERSION = YES;
				GCC_WARN_ABOUT_RETURN_TYPE = YES_ERROR;
				GCC_WARN_UNDECLARED_SELECTOR = YES;
				GCC_WARN_UNINITIALIZED_AUTOS = YES_AGGRESSIVE;
				GCC_WARN_UNUSED_FUNCTION = YES;
				GCC_WARN_UNUSED_VARIABLE = YES;
				IPHONEOS_DEPLOYMENT_TARGET = 9.3;
				MTL_ENABLE_DEBUG_INFO = YES;
				ONLY_ACTIVE_ARCH = YES;
				SDKROOT = iphoneos;
				SWIFT_OPTIMIZATION_LEVEL = "-Onone";
				TARGETED_DEVICE_FAMILY = "1,2";
			};
			name = Debug;
		};
		F55FD4E11CB90A74001E300C /* Release */ = {
			isa = XCBuildConfiguration;
			buildSettings = {
				ALWAYS_SEARCH_USER_PATHS = NO;
				CLANG_ANALYZER_NONNULL = YES;
				CLANG_CXX_LANGUAGE_STANDARD = "gnu++0x";
				CLANG_CXX_LIBRARY = "libc++";
				CLANG_ENABLE_MODULES = YES;
				CLANG_ENABLE_OBJC_ARC = YES;
				CLANG_WARN_BOOL_CONVERSION = YES;
				CLANG_WARN_CONSTANT_CONVERSION = YES;
				CLANG_WARN_DIRECT_OBJC_ISA_USAGE = YES_ERROR;
				CLANG_WARN_EMPTY_BODY = YES;
				CLANG_WARN_ENUM_CONVERSION = YES;
				CLANG_WARN_INT_CONVERSION = YES;
				CLANG_WARN_OBJC_ROOT_CLASS = YES_ERROR;
				CLANG_WARN_UNREACHABLE_CODE = YES;
				CLANG_WARN__DUPLICATE_METHOD_MATCH = YES;
				"CODE_SIGN_IDENTITY[sdk=iphoneos*]" = "iPhone Developer";
				COPY_PHASE_STRIP = NO;
				DEBUG_INFORMATION_FORMAT = "dwarf-with-dsym";
				ENABLE_NS_ASSERTIONS = NO;
				ENABLE_STRICT_OBJC_MSGSEND = YES;
				GCC_C_LANGUAGE_STANDARD = gnu99;
				GCC_NO_COMMON_BLOCKS = YES;
				GCC_WARN_64_TO_32_BIT_CONVERSION = YES;
				GCC_WARN_ABOUT_RETURN_TYPE = YES_ERROR;
				GCC_WARN_UNDECLARED_SELECTOR = YES;
				GCC_WARN_UNINITIALIZED_AUTOS = YES_AGGRESSIVE;
				GCC_WARN_UNUSED_FUNCTION = YES;
				GCC_WARN_UNUSED_VARIABLE = YES;
				IPHONEOS_DEPLOYMENT_TARGET = 9.3;
				MTL_ENABLE_DEBUG_INFO = NO;
				SDKROOT = iphoneos;
				TARGETED_DEVICE_FAMILY = "1,2";
				VALIDATE_PRODUCT = YES;
			};
			name = Release;
		};
		F55FD4E31CB90A74001E300C /* Debug */ = {
			isa = XCBuildConfiguration;
			baseConfigurationReference = 66F48326DA609D17EDE798DE /* Pods-TwoWayRadio_Swift.debug.xcconfig */;
			buildSettings = {
				ASSETCATALOG_COMPILER_APPICON_NAME = AppIcon;
				CLANG_ENABLE_MODULES = YES;
				CODE_SIGN_IDENTITY = "iPhone Developer";
				"CODE_SIGN_IDENTITY[sdk=iphoneos*]" = "iPhone Developer";
				ENABLE_BITCODE = NO;
				GCC_PREFIX_HEADER = "";
				INFOPLIST_FILE = TwoWayRadio_Swift/Info.plist;
				LD_RUNPATH_SEARCH_PATHS = "$(inherited) @executable_path/Frameworks";
				LIBRARY_SEARCH_PATHS = (
					"$(inherited)",
					"$(PROJECT_DIR)/TwoWayRadio_Swift/TWTool/Library",
				);
				OTHER_LDFLAGS = (
					"$(inherited)",
					"-ObjC",
					"-framework",
					"\"Alamofire\"",
					"-framework",
					"\"Realm\"",
					"-framework",
					"\"RealmSwift\"",
					"-lz",
				);
				PRODUCT_BUNDLE_IDENTIFIER = "com.sd.TwoWayRadio-Swift";
				PRODUCT_NAME = "$(TARGET_NAME)";
				PROVISIONING_PROFILE = "";
				SWIFT_OBJC_BRIDGING_HEADER = "TwoWayRadio_Swift/TwoWayRadio_Swift-Bridging-Header.h";
				SWIFT_OPTIMIZATION_LEVEL = "-Onone";
			};
			name = Debug;
		};
		F55FD4E41CB90A74001E300C /* Release */ = {
			isa = XCBuildConfiguration;
			baseConfigurationReference = 6AC7002BD849F20AABA85311 /* Pods-TwoWayRadio_Swift.release.xcconfig */;
			buildSettings = {
				ASSETCATALOG_COMPILER_APPICON_NAME = AppIcon;
				CLANG_ENABLE_MODULES = YES;
				CODE_SIGN_IDENTITY = "iPhone Developer";
				"CODE_SIGN_IDENTITY[sdk=iphoneos*]" = "iPhone Developer";
				ENABLE_BITCODE = NO;
				GCC_PREFIX_HEADER = "";
				INFOPLIST_FILE = TwoWayRadio_Swift/Info.plist;
				LD_RUNPATH_SEARCH_PATHS = "$(inherited) @executable_path/Frameworks";
				LIBRARY_SEARCH_PATHS = (
					"$(inherited)",
					"$(PROJECT_DIR)/TwoWayRadio_Swift/TWTool/Library",
				);
				OTHER_LDFLAGS = (
					"$(inherited)",
					"-ObjC",
					"-framework",
					"\"Alamofire\"",
					"-framework",
					"\"Realm\"",
					"-framework",
					"\"RealmSwift\"",
					"-lz",
				);
				PRODUCT_BUNDLE_IDENTIFIER = "com.sd.TwoWayRadio-Swift";
				PRODUCT_NAME = "$(TARGET_NAME)";
				PROVISIONING_PROFILE = "";
				SWIFT_OBJC_BRIDGING_HEADER = "TwoWayRadio_Swift/TwoWayRadio_Swift-Bridging-Header.h";
			};
			name = Release;
		};
		F55FD4E61CB90A74001E300C /* Debug */ = {
			isa = XCBuildConfiguration;
			buildSettings = {
				BUNDLE_LOADER = "$(TEST_HOST)";
				INFOPLIST_FILE = TwoWayRadio_SwiftTests/Info.plist;
				LD_RUNPATH_SEARCH_PATHS = "$(inherited) @executable_path/Frameworks @loader_path/Frameworks";
				PRODUCT_BUNDLE_IDENTIFIER = "com.sd.TwoWayRadio-SwiftTests";
				PRODUCT_NAME = "$(TARGET_NAME)";
				TEST_HOST = "$(BUILT_PRODUCTS_DIR)/TwoWayRadio_Swift.app/TwoWayRadio_Swift";
			};
			name = Debug;
		};
		F55FD4E71CB90A74001E300C /* Release */ = {
			isa = XCBuildConfiguration;
			buildSettings = {
				BUNDLE_LOADER = "$(TEST_HOST)";
				INFOPLIST_FILE = TwoWayRadio_SwiftTests/Info.plist;
				LD_RUNPATH_SEARCH_PATHS = "$(inherited) @executable_path/Frameworks @loader_path/Frameworks";
				PRODUCT_BUNDLE_IDENTIFIER = "com.sd.TwoWayRadio-SwiftTests";
				PRODUCT_NAME = "$(TARGET_NAME)";
				TEST_HOST = "$(BUILT_PRODUCTS_DIR)/TwoWayRadio_Swift.app/TwoWayRadio_Swift";
			};
			name = Release;
		};
		F55FD4E91CB90A74001E300C /* Debug */ = {
			isa = XCBuildConfiguration;
			buildSettings = {
				INFOPLIST_FILE = TwoWayRadio_SwiftUITests/Info.plist;
				LD_RUNPATH_SEARCH_PATHS = "$(inherited) @executable_path/Frameworks @loader_path/Frameworks";
				PRODUCT_BUNDLE_IDENTIFIER = "com.sd.TwoWayRadio-SwiftUITests";
				PRODUCT_NAME = "$(TARGET_NAME)";
				TEST_TARGET_NAME = TwoWayRadio_Swift;
			};
			name = Debug;
		};
		F55FD4EA1CB90A74001E300C /* Release */ = {
			isa = XCBuildConfiguration;
			buildSettings = {
				INFOPLIST_FILE = TwoWayRadio_SwiftUITests/Info.plist;
				LD_RUNPATH_SEARCH_PATHS = "$(inherited) @executable_path/Frameworks @loader_path/Frameworks";
				PRODUCT_BUNDLE_IDENTIFIER = "com.sd.TwoWayRadio-SwiftUITests";
				PRODUCT_NAME = "$(TARGET_NAME)";
				TEST_TARGET_NAME = TwoWayRadio_Swift;
			};
			name = Release;
		};
/* End XCBuildConfiguration section */

/* Begin XCConfigurationList section */
		F55FD4B51CB90A73001E300C /* Build configuration list for PBXProject "TwoWayRadio_Swift" */ = {
			isa = XCConfigurationList;
			buildConfigurations = (
				F55FD4E01CB90A74001E300C /* Debug */,
				F55FD4E11CB90A74001E300C /* Release */,
			);
			defaultConfigurationIsVisible = 0;
			defaultConfigurationName = Release;
		};
		F55FD4E21CB90A74001E300C /* Build configuration list for PBXNativeTarget "TwoWayRadio_Swift" */ = {
			isa = XCConfigurationList;
			buildConfigurations = (
				F55FD4E31CB90A74001E300C /* Debug */,
				F55FD4E41CB90A74001E300C /* Release */,
			);
			defaultConfigurationIsVisible = 0;
			defaultConfigurationName = Release;
		};
		F55FD4E51CB90A74001E300C /* Build configuration list for PBXNativeTarget "TwoWayRadio_SwiftTests" */ = {
			isa = XCConfigurationList;
			buildConfigurations = (
				F55FD4E61CB90A74001E300C /* Debug */,
				F55FD4E71CB90A74001E300C /* Release */,
			);
			defaultConfigurationIsVisible = 0;
			defaultConfigurationName = Release;
		};
		F55FD4E81CB90A74001E300C /* Build configuration list for PBXNativeTarget "TwoWayRadio_SwiftUITests" */ = {
			isa = XCConfigurationList;
			buildConfigurations = (
				F55FD4E91CB90A74001E300C /* Debug */,
				F55FD4EA1CB90A74001E300C /* Release */,
			);
			defaultConfigurationIsVisible = 0;
			defaultConfigurationName = Release;
		};
/* End XCConfigurationList section */
	};
	rootObject = F55FD4B21CB90A73001E300C /* Project object */;
}
